
Microsoft Visual Studio Solution File, Format Version 12.00
# Visual Studio Version 16
VisualStudioVersion = 16.0.30804.86
MinimumVisualStudioVersion = 10.0.40219.1
Project("{FAE04EC0-301F-11D3-BF4B-00C04F79EFBC}") = "MvcOnlineTicariOtomasyon", "MvcOnlineTicariOtomasyon\MvcOnlineTicariOtomasyon.csproj", "{119E0480-8520-40BB-AB3B-BB1518034CEB}"
EndProject
Global
	GlobalSection(SolutionConfigurationPlatforms) = preSolution
		Debug|Any CPU = Debug|Any CPU
		Release|Any CPU = Release|Any CPU
	EndGlobalSection
	GlobalSection(ProjectConfigurationPlatforms) = postSolution
		{119E0480-8520-40BB-AB3B-BB1518034CEB}.Debug|Any CPU.ActiveCfg = Debug|Any CPU
		{119E0480-8520-40BB-AB3B-BB1518034CEB}.Debug|Any CPU.Build.0 = Debug|Any CPU
		{119E0480-8520-40BB-AB3B-BB1518034CEB}.Release|Any CPU.ActiveCfg = Release|Any CPU
		{119E0480-8520-40BB-AB3B-BB1518034CEB}.Release|Any CPU.Build.0 = Release|Any CPU
	EndGlobalSection
	GlobalSection(SolutionProperties) = preSolution
		HideSolutionNode = FALSE
	EndGlobalSection
	GlobalSection(ExtensibilityGlobals) = postSolution
		SolutionGuid = {4772C70A-656D-4AEA-8D8E-4FCB98F269BC}
	EndGlobalSection
EndGlobal
